// !$*UTF8*$!
{
	archiveVersion = 1;
	classes = {
	};
	objectVersion = 46;
	objects = {

/* Begin PBXBuildFile section */
		DD8B6F7114C6F1F80096EEC5 /* UIKit.framework in Frameworks */ = {isa = PBXBuildFile; fileRef = DD8B6F7014C6F1F80096EEC5 /* UIKit.framework */; };
		DD8B6F7314C6F1F80096EEC5 /* Foundation.framework in Frameworks */ = {isa = PBXBuildFile; fileRef = DD8B6F7214C6F1F80096EEC5 /* Foundation.framework */; };
		DD8B6F7514C6F1F80096EEC5 /* CoreGraphics.framework in Frameworks */ = {isa = PBXBuildFile; fileRef = DD8B6F7414C6F1F80096EEC5 /* CoreGraphics.framework */; };
		DD8B6F7B14C6F1F80096EEC5 /* InfoPlist.strings in Resources */ = {isa = PBXBuildFile; fileRef = DD8B6F7914C6F1F80096EEC5 /* InfoPlist.strings */; };
		DD8B6F7D14C6F1F80096EEC5 /* main.m in Sources */ = {isa = PBXBuildFile; fileRef = DD8B6F7C14C6F1F80096EEC5 /* main.m */; };
		DD8B6F8114C6F1F80096EEC5 /* AppDelegate.m in Sources */ = {isa = PBXBuildFile; fileRef = DD8B6F8014C6F1F80096EEC5 /* AppDelegate.m */; };
		DD8B6F8414C6F1F80096EEC5 /* ViewController.m in Sources */ = {isa = PBXBuildFile; fileRef = DD8B6F8314C6F1F80096EEC5 /* ViewController.m */; };
		DD8B6F8714C6F1F80096EEC5 /* ViewController_iPhone.xib in Resources */ = {isa = PBXBuildFile; fileRef = DD8B6F8514C6F1F80096EEC5 /* ViewController_iPhone.xib */; };
		DD8B6F8A14C6F1F80096EEC5 /* ViewController_iPad.xib in Resources */ = {isa = PBXBuildFile; fileRef = DD8B6F8814C6F1F80096EEC5 /* ViewController_iPad.xib */; };
/* End PBXBuildFile section */

/* Begin PBXFileReference section */
		DD8B6F6C14C6F1F80096EEC5 /* Paging.app */ = {isa = PBXFileReference; explicitFileType = wrapper.application; includeInIndex = 0; path = Paging.app; sourceTree = BUILT_PRODUCTS_DIR; };
		DD8B6F7014C6F1F80096EEC5 /* UIKit.framework */ = {isa = PBXFileReference; lastKnownFileType = wrapper.framework; name = UIKit.framework; path = System/Library/Frameworks/UIKit.framework; sourceTree = SDKROOT; };
		DD8B6F7214C6F1F80096EEC5 /* Foundation.framework */ = {isa = PBXFileReference; lastKnownFileType = wrapper.framework; name = Foundation.framework; path = System/Library/Frameworks/Foundation.framework; sourceTree = SDKROOT; };
		DD8B6F7414C6F1F80096EEC5 /* CoreGraphics.framework */ = {isa = PBXFileReference; lastKnownFileType = wrapper.framework; name = CoreGraphics.framework; path = System/Library/Frameworks/CoreGraphics.framework; sourceTree = SDKROOT; };
		DD8B6F7814C6F1F80096EEC5 /* Paging-Info.plist */ = {isa = PBXFileReference; lastKnownFileType = text.plist.xml; path = "Paging-Info.plist"; sourceTree = "<group>"; };
		DD8B6F7A14C6F1F80096EEC5 /* en */ = {isa = PBXFileReference; lastKnownFileType = text.plist.strings; name = en; path = en.lproj/InfoPlist.strings; sourceTree = "<group>"; };
		DD8B6F7C14C6F1F80096EEC5 /* main.m */ = {isa = PBXFileReference; lastKnownFileType = sourcecode.c.objc; path = main.m; sourceTree = "<group>"; };
		DD8B6F7E14C6F1F80096EEC5 /* Paging-Prefix.pch */ = {isa = PBXFileReference; lastKnownFileType = sourcecode.c.h; path = "Paging-Prefix.pch"; sourceTree = "<group>"; };
		DD8B6F7F14C6F1F80096EEC5 /* AppDelegate.h */ = {isa = PBXFileReference; lastKnownFileType = sourcecode.c.h; path = AppDelegate.h; sourceTree = "<group>"; };
		DD8B6F8014C6F1F80096EEC5 /* AppDelegate.m */ = {isa = PBXFileReference; lastKnownFileType = sourcecode.c.objc; path = AppDelegate.m; sourceTree = "<group>"; };
		DD8B6F8214C6F1F80096EEC5 /* ViewController.h */ = {isa = PBXFileReference; lastKnownFileType = sourcecode.c.h; path = ViewController.h; sourceTree = "<group>"; };
		DD8B6F8314C6F1F80096EEC5 /* ViewController.m */ = {isa = PBXFileReference; lastKnownFileType = sourcecode.c.objc; path = ViewController.m; sourceTree = "<group>"; };
		DD8B6F8614C6F1F80096EEC5 /* en */ = {isa = PBXFileReference; lastKnownFileType = file.xib; name = en; path = en.lproj/ViewController_iPhone.xib; sourceTree = "<group>"; };
		DD8B6F8914C6F1F80096EEC5 /* en */ = {isa = PBXFileReference; lastKnownFileType = file.xib; name = en; path = en.lproj/ViewController_iPad.xib; sourceTree = "<group>"; };
/* End PBXFileReference section */

/* Begin PBXFrameworksBuildPhase section */
		DD8B6F6914C6F1F80096EEC5 /* Frameworks */ = {
			isa = PBXFrameworksBuildPhase;
			buildActionMask = 2147483647;
			files = (
				DD8B6F7114C6F1F80096EEC5 /* UIKit.framework in Frameworks */,
				DD8B6F7314C6F1F80096EEC5 /* Foundation.framework in Frameworks */,
				DD8B6F7514C6F1F80096EEC5 /* CoreGraphics.framework in Frameworks */,
			);
			runOnlyForDeploymentPostprocessing = 0;
		};
/* End PBXFrameworksBuildPhase section */

/* Begin PBXGroup section */
		DD8B6F6114C6F1F70096EEC5 = {
			isa = PBXGroup;
			children = (
				DD8B6F7614C6F1F80096EEC5 /* Paging */,
				DD8B6F6F14C6F1F80096EEC5 /* Frameworks */,
				DD8B6F6D14C6F1F80096EEC5 /* Products */,
			);
			sourceTree = "<group>";
		};
		DD8B6F6D14C6F1F80096EEC5 /* Products */ = {
			isa = PBXGroup;
			children = (
				DD8B6F6C14C6F1F80096EEC5 /* Paging.app */,
			);
			name = Products;
			sourceTree = "<group>";
		};
		DD8B6F6F14C6F1F80096EEC5 /* Frameworks */ = {
			isa = PBXGroup;
			children = (
				DD8B6F7014C6F1F80096EEC5 /* UIKit.framework */,
				DD8B6F7214C6F1F80096EEC5 /* Foundation.framework */,
				DD8B6F7414C6F1F80096EEC5 /* CoreGraphics.framework */,
			);
			name = Frameworks;
			sourceTree = "<group>";
		};
		DD8B6F7614C6F1F80096EEC5 /* Paging */ = {
			isa = PBXGroup;
			children = (
				DD8B6F7F14C6F1F80096EEC5 /* AppDelegate.h */,
				DD8B6F8014C6F1F80096EEC5 /* AppDelegate.m */,
				DD8B6F8214C6F1F80096EEC5 /* ViewController.h */,
				DD8B6F8314C6F1F80096EEC5 /* ViewController.m */,
				DD8B6F8514C6F1F80096EEC5 /* ViewController_iPhone.xib */,
				DD8B6F8814C6F1F80096EEC5 /* ViewController_iPad.xib */,
				DD8B6F7714C6F1F80096EEC5 /* Supporting Files */,
			);
			path = Paging;
			sourceTree = "<group>";
		};
		DD8B6F7714C6F1F80096EEC5 /* Supporting Files */ = {
			isa = PBXGroup;
			children = (
				DD8B6F7814C6F1F80096EEC5 /* Paging-Info.plist */,
				DD8B6F7914C6F1F80096EEC5 /* InfoPlist.strings */,
				DD8B6F7C14C6F1F80096EEC5 /* main.m */,
				DD8B6F7E14C6F1F80096EEC5 /* Paging-Prefix.pch */,
			);
			name = "Supporting Files";
			sourceTree = "<group>";
		};
/* End PBXGroup section */

/* Begin PBXNativeTarget section */
		DD8B6F6B14C6F1F80096EEC5 /* Paging */ = {
			isa = PBXNativeTarget;
			buildConfigurationList = DD8B6F8D14C6F1F80096EEC5 /* Build configuration list for PBXNativeTarget "Paging" */;
			buildPhases = (
				DD8B6F6814C6F1F80096EEC5 /* Sources */,
				DD8B6F6914C6F1F80096EEC5 /* Frameworks */,
				DD8B6F6A14C6F1F80096EEC5 /* Resources */,
			);
			buildRules = (
			);
			dependencies = (
			);
			name = Paging;
			productName = Paging;
			productReference = DD8B6F6C14C6F1F80096EEC5 /* Paging.app */;
			productType = "com.apple.product-type.application";
		};
/* End PBXNativeTarget section */

/* Begin PBXProject section */
		DD8B6F6314C6F1F70096EEC5 /* Project object */ = {
			isa = PBXProject;
			attributes = {
				LastUpgradeCheck = 0420;
			};
			buildConfigurationList = DD8B6F6614C6F1F70096EEC5 /* Build configuration list for PBXProject "Paging" */;
			compatibilityVersion = "Xcode 3.2";
			developmentRegion = English;
			hasScannedForEncodings = 0;
			knownRegions = (
				en,
			);
			mainGroup = DD8B6F6114C6F1F70096EEC5;
			productRefGroup = DD8B6F6D14C6F1F80096EEC5 /* Products */;
			projectDirPath = "";
			projectRoot = "";
			targets = (
				DD8B6F6B14C6F1F80096EEC5 /* Paging */,
			);
		};
/* End PBXProject section */

/* Begin PBXResourcesBuildPhase section */
		DD8B6F6A14C6F1F80096EEC5 /* Resources */ = {
			isa = PBXResourcesBuildPhase;
			buildActionMask = 2147483647;
			files = (
				DD8B6F7B14C6F1F80096EEC5 /* InfoPlist.strings in Resources */,
				DD8B6F8714C6F1F80096EEC5 /* ViewController_iPhone.xib in Resources */,
				DD8B6F8A14C6F1F80096EEC5 /* ViewController_iPad.xib in Resources */,
			);
			runOnlyForDeploymentPostprocessing = 0;
		};
/* End PBXResourcesBuildPhase section */

/* Begin PBXSourcesBuildPhase section */
		DD8B6F6814C6F1F80096EEC5 /* Sources */ = {
			isa = PBXSourcesBuildPhase;
			buildActionMask = 2147483647;
			files = (
				DD8B6F7D14C6F1F80096EEC5 /* main.m in Sources */,
				DD8B6F8114C6F1F80096EEC5 /* AppDelegate.m in Sources */,
				DD8B6F8414C6F1F80096EEC5 /* ViewController.m in Sources */,
			);
			runOnlyForDeploymentPostprocessing = 0;
		};
/* End PBXSourcesBuildPhase section */

/* Begin PBXVariantGroup section */
		DD8B6F7914C6F1F80096EEC5 /* InfoPlist.strings */ = {
			isa = PBXVariantGroup;
			children = (
				DD8B6F7A14C6F1F80096EEC5 /* en */,
			);
			name = InfoPlist.strings;
			sourceTree = "<group>";
		};
		DD8B6F8514C6F1F80096EEC5 /* ViewController_iPhone.xib */ = {
			isa = PBXVariantGroup;
			children = (
				DD8B6F8614C6F1F80096EEC5 /* en */,
			);
			name = ViewController_iPhone.xib;
			sourceTree = "<group>";
		};
		DD8B6F8814C6F1F80096EEC5 /* ViewController_iPad.xib */ = {
			isa = PBXVariantGroup;
			children = (
				DD8B6F8914C6F1F80096EEC5 /* en */,
			);
			name = ViewController_iPad.xib;
			sourceTree = "<group>";
		};
/* End PBXVariantGroup section */

/* Begin XCBuildConfiguration section */
		DD8B6F8B14C6F1F80096EEC5 /* Debug */ = {
			isa = XCBuildConfiguration;
			buildSettings = {
				ALWAYS_SEARCH_USER_PATHS = NO;
				ARCHS = "$(ARCHS_STANDARD_32_BIT)";
				"CODE_SIGN_IDENTITY[sdk=iphoneos*]" = "iPhone Developer";
				COPY_PHASE_STRIP = NO;
				GCC_C_LANGUAGE_STANDARD = gnu99;
				GCC_DYNAMIC_NO_PIC = NO;
				GCC_OPTIMIZATION_LEVEL = 0;
				GCC_PREPROCESSOR_DEFINITIONS = (
					"DEBUG=1",
					"$(inherited)",
				);
				GCC_SYMBOLS_PRIVATE_EXTERN = NO;
				GCC_VERSION = com.apple.compilers.llvm.clang.1_0;
				GCC_WARN_ABOUT_MISSING_PROTOTYPES = YES;
				GCC_WARN_ABOUT_RETURN_TYPE = YES;
				GCC_WARN_UNUSED_VARIABLE = YES;
				IPHONEOS_DEPLOYMENT_TARGET = 5.0;
				SDKROOT = iphoneos;
				TARGETED_DEVICE_FAMILY = "1,2";
			};
			name = Debug;
		};
		DD8B6F8C14C6F1F80096EEC5 /* Release */ = {
			isa = XCBuildConfiguration;
			buildSettings = {
				ALWAYS_SEARCH_USER_PATHS = NO;
				ARCHS = "$(ARCHS_STANDARD_32_BIT)";
				"CODE_SIGN_IDENTITY[sdk=iphoneos*]" = "iPhone Developer";
				COPY_PHASE_STRIP = YES;
				GCC_C_LANGUAGE_STANDARD = gnu99;
				GCC_VERSION = com.apple.compilers.llvm.clang.1_0;
				GCC_WARN_ABOUT_MISSING_PROTOTYPES = YES;
				GCC_WARN_ABOUT_RETURN_TYPE = YES;
				GCC_WARN_UNUSED_VARIABLE = YES;
				IPHONEOS_DEPLOYMENT_TARGET = 5.0;
				OTHER_CFLAGS = "-DNS_BLOCK_ASSERTIONS=1";
				SDKROOT = iphoneos;
				TARGETED_DEVICE_FAMILY = "1,2";
				VALIDATE_PRODUCT = YES;
			};
			name = Release;
		};
		DD8B6F8E14C6F1F80096EEC5 /* Debug */ = {
			isa = XCBuildConfiguration;
			buildSettings = {
				GCC_PRECOMPILE_PREFIX_HEADER = YES;
				GCC_PREFIX_HEADER = "Paging/Paging-Prefix.pch";
				INFOPLIST_FILE = "Paging/Paging-Info.plist";
				IPHONEOS_DEPLOYMENT_TARGET = 4.0;
				PRODUCT_NAME = "$(TARGET_NAME)";
				WRAPPER_EXTENSION = app;
			};
			name = Debug;
		};
		DD8B6F8F14C6F1F80096EEC5 /* Release */ = {
			isa = XCBuildConfiguration;
			buildSettings = {
				GCC_PRECOMPILE_PREFIX_HEADER = YES;
				GCC_PREFIX_HEADER = "Paging/Paging-Prefix.pch";
				INFOPLIST_FILE = "Paging/Paging-Info.plist";
				IPHONEOS_DEPLOYMENT_TARGET = 4.0;
				PRODUCT_NAME = "$(TARGET_NAME)";
				WRAPPER_EXTENSION = app;
			};
			name = Release;
		};
/* End XCBuildConfiguration section */

/* Begin XCConfigurationList section */
		DD8B6F6614C6F1F70096EEC5 /* Build configuration list for PBXProject "Paging" */ = {
			isa = XCConfigurationList;
			buildConfigurations = (
				DD8B6F8B14C6F1F80096EEC5 /* Debug */,
				DD8B6F8C14C6F1F80096EEC5 /* Release */,
			);
			defaultConfigurationIsVisible = 0;
			defaultConfigurationName = Release;
		};
		DD8B6F8D14C6F1F80096EEC5 /* Build configuration list for PBXNativeTarget "Paging" */ = {
			isa = XCConfigurationList;
			buildConfigurations = (
				DD8B6F8E14C6F1F80096EEC5 /* Debug */,
				DD8B6F8F14C6F1F80096EEC5 /* Release */,
			);
			defaultConfigurationIsVisible = 0;
		};
/* End XCConfigurationList section */
	};
	rootObject = DD8B6F6314C6F1F70096EEC5 /* Project object */;
}
